{
  "version": 4,
  "terraform_version": "0.14.9",
  "serial": 15,
  "lineage": "0fafa9e3-96d5-8b6f-dc11-9372717f3aa4",
  "outputs": {},
  "resources": [
    {
      "mode": "managed",
      "type": "alicloud_security_group",
      "name": "default",
      "provider": "provider[\"registry.terraform.io/aliyun/alicloud\"]",
      "instances": [
        {
          "schema_version": 0,
          "attributes": {
            "description": "",
            "id": "sg-2zedgpu6tlehyuuctcyc",
            "inner_access": true,
            "inner_access_policy": "Accept",
            "name": "default",
            "resource_group_id": "",
            "security_group_type": "normal",
            "tags": null,
            "vpc_id": "vpc-2zemn7b5msac17jnt73n0"
          },
          "sensitive_attributes": [],
          "private": "bnVsbA==",
          "dependencies": [
            "alicloud_vpc.vpc"
          ]
        }
      ]
    },
    {
      "mode": "managed",
      "type": "alicloud_security_group_rule",
      "name": "allow_all_tcp",
      "provider": "provider[\"registry.terraform.io/aliyun/alicloud\"]",
      "instances": [
        {
          "schema_version": 0,
          "attributes": {
            "cidr_ip": "0.0.0.0/0",
            "description": "",
            "id": "sg-2zedgpu6tlehyuuctcyc:ingress:tcp:1/65535:intranet:0.0.0.0/0:accept:1",
            "ip_protocol": "tcp",
            "nic_type": "intranet",
            "policy": "accept",
            "port_range": "1/65535",
            "priority": 1,
            "security_group_id": "sg-2zedgpu6tlehyuuctcyc",
            "source_group_owner_account": "",
            "source_security_group_id": "",
            "type": "ingress"
          },
          "sensitive_attributes": [],
          "private": "bnVsbA==",
          "dependencies": [
            "alicloud_security_group.default",
            "alicloud_vpc.vpc"
          ]
        }
      ]
    },
    {
      "mode": "managed",
      "type": "alicloud_vpc",
      "name": "vpc",
      "provider": "provider[\"registry.terraform.io/aliyun/alicloud\"]",
      "instances": [
        {
          "schema_version": 0,
          "attributes": {
            "cidr_block": "172.16.0.0/12",
            "description": "",
            "dry_run": null,
            "enable_ipv6": null,
            "id": "vpc-2zemn7b5msac17jnt73n0",
            "ipv6_cidr_block": "",
            "name": "tf_test_foo",
            "resource_group_id": null,
            "route_table_id": "vtb-2ze4ok8beuqmgfa94d2r2",
            "router_id": "vrt-2zekfwsjib8g7c5c9mwj1",
            "router_table_id": "vtb-2ze4ok8beuqmgfa94d2r2",
            "secondary_cidr_blocks": null,
            "status": "Available",
            "tags": null,
            "timeouts": null,
            "user_cidrs": null,
            "vpc_name": "tf_test_foo"
          },
          "sensitive_attributes": [],
          "private": "eyJlMmJmYjczMC1lY2FhLTExZTYtOGY4OC0zNDM2M2JjN2M0YzAiOnsiY3JlYXRlIjo2MDAwMDAwMDAwMDAsImRlbGV0ZSI6NjAwMDAwMDAwMDAwfX0="
        }
      ]
    },
    {
      "mode": "managed",
      "type": "alicloud_vswitch",
      "name": "vsw",
      "provider": "provider[\"registry.terraform.io/aliyun/alicloud\"]",
      "instances": [
        {
          "schema_version": 0,
          "attributes": {
            "availability_zone": "cn-beijing-b",
            "cidr_block": "172.16.0.0/21",
            "description": "",
            "id": "vsw-2ze383r6vsx8t7ehtqqma",
            "name": "",
            "status": "Available",
            "tags": null,
            "timeouts": null,
            "vpc_id": "vpc-2zemn7b5msac17jnt73n0",
            "vswitch_name": "",
            "zone_id": "cn-beijing-b"
          },
          "sensitive_attributes": [],
          "private": "eyJlMmJmYjczMC1lY2FhLTExZTYtOGY4OC0zNDM2M2JjN2M0YzAiOnsiY3JlYXRlIjo2MDAwMDAwMDAwMDAsImRlbGV0ZSI6NjAwMDAwMDAwMDAwfX0=",
          "dependencies": [
            "alicloud_vpc.vpc"
          ]
        }
      ]
    },
    {
      "module": "module.ecs",
      "mode": "managed",
      "type": "alicloud_instance",
      "name": "this",
      "provider": "module.ecs.provider[\"registry.terraform.io/hashicorp/alicloud\"]",
      "instances": [
        {
          "index_key": 0,
          "schema_version": 0,
          "attributes": {
            "allocate_public_ip": null,
            "auto_release_time": "",
            "auto_renew_period": null,
            "availability_zone": "cn-beijing-b",
            "credit_specification": "",
            "data_disks": [
              {
                "auto_snapshot_policy_id": "",
                "category": "cloud_efficiency",
                "delete_with_instance": true,
                "description": "",
                "encrypted": false,
                "kms_key_id": "",
                "name": "TF_ECS_Disk",
                "performance_level": "",
                "size": 40,
                "snapshot_id": ""
              }
            ],
            "deletion_protection": false,
            "description": "An ECS instance came from terraform-alicloud-modules/ecs-instance",
            "dry_run": false,
            "force_delete": null,
            "host_name": "sample001",
            "id": "i-2ze8sxd8cxaj24gvai5n",
            "image_id": "ubuntu_18_04_64_20G_alibase_20190624.vhd",
            "include_data_disks": null,
            "instance_charge_type": "PostPaid",
            "instance_name": "my_module_instances_001",
            "instance_type": "ecs.n2.small",
            "internet_charge_type": "PayByTraffic",
            "internet_max_bandwidth_in": -1,
            "internet_max_bandwidth_out": 0,
            "io_optimized": null,
            "is_outdated": null,
            "key_name": "",
            "kms_encrypted_password": "",
            "kms_encryption_context": null,
            "password": "User@123",
            "period": null,
            "period_unit": null,
            "private_ip": "172.16.0.10",
            "public_ip": "",
            "renewal_status": null,
            "resource_group_id": "",
            "role_name": null,
            "security_enhancement_strategy": "Active",
            "security_groups": [
              "sg-2zedgpu6tlehyuuctcyc"
            ],
            "spot_price_limit": 0,
            "spot_strategy": "NoSpot",
            "status": "Running",
            "subnet_id": "vsw-2ze383r6vsx8t7ehtqqma",
            "system_disk_auto_snapshot_policy_id": "",
            "system_disk_category": "cloud_ssd",
            "system_disk_description": null,
            "system_disk_name": null,
            "system_disk_performance_level": "",
            "system_disk_size": 40,
            "tags": {
              "Name": "my_module_instances_001"
            },
            "timeouts": null,
            "user_data": "",
            "volume_tags": {
              "Name": "my_module_instances_001"
            },
            "vswitch_id": "vsw-2ze383r6vsx8t7ehtqqma"
          },
          "sensitive_attributes": [],
          "private": "eyJlMmJmYjczMC1lY2FhLTExZTYtOGY4OC0zNDM2M2JjN2M0YzAiOnsiY3JlYXRlIjo2MDAwMDAwMDAwMDAsImRlbGV0ZSI6MTIwMDAwMDAwMDAwMCwidXBkYXRlIjo2MDAwMDAwMDAwMDB9fQ==",
          "dependencies": [
            "alicloud_security_group.default",
            "alicloud_vpc.vpc",
            "alicloud_vswitch.vsw"
          ]
        },
        {
          "index_key": 1,
          "schema_version": 0,
          "attributes": {
            "allocate_public_ip": null,
            "auto_release_time": "",
            "auto_renew_period": null,
            "availability_zone": "cn-beijing-b",
            "credit_specification": "",
            "data_disks": [
              {
                "auto_snapshot_policy_id": "",
                "category": "cloud_efficiency",
                "delete_with_instance": true,
                "description": "",
                "encrypted": false,
                "kms_key_id": "",
                "name": "TF_ECS_Disk",
                "performance_level": "",
                "size": 40,
                "snapshot_id": ""
              }
            ],
            "deletion_protection": false,
            "description": "An ECS instance came from terraform-alicloud-modules/ecs-instance",
            "dry_run": false,
            "force_delete": null,
            "host_name": "sample002",
            "id": "i-2zednn0av5jijp3jsrgv",
            "image_id": "ubuntu_18_04_64_20G_alibase_20190624.vhd",
            "include_data_disks": null,
            "instance_charge_type": "PostPaid",
            "instance_name": "my_module_instances_002",
            "instance_type": "ecs.n2.small",
            "internet_charge_type": "PayByTraffic",
            "internet_max_bandwidth_in": -1,
            "internet_max_bandwidth_out": 0,
            "io_optimized": null,
            "is_outdated": null,
            "key_name": "",
            "kms_encrypted_password": "",
            "kms_encryption_context": null,
            "password": "User@123",
            "period": null,
            "period_unit": null,
            "private_ip": "172.16.0.11",
            "public_ip": "",
            "renewal_status": null,
            "resource_group_id": "",
            "role_name": null,
            "security_enhancement_strategy": "Active",
            "security_groups": [
              "sg-2zedgpu6tlehyuuctcyc"
            ],
            "spot_price_limit": 0,
            "spot_strategy": "NoSpot",
            "status": "Running",
            "subnet_id": "vsw-2ze383r6vsx8t7ehtqqma",
            "system_disk_auto_snapshot_policy_id": "",
            "system_disk_category": "cloud_ssd",
            "system_disk_description": null,
            "system_disk_name": null,
            "system_disk_performance_level": "",
            "system_disk_size": 40,
            "tags": {
              "Name": "my_module_instances_002"
            },
            "timeouts": null,
            "user_data": "",
            "volume_tags": {
              "Name": "my_module_instances_002"
            },
            "vswitch_id": "vsw-2ze383r6vsx8t7ehtqqma"
          },
          "sensitive_attributes": [],
          "private": "eyJlMmJmYjczMC1lY2FhLTExZTYtOGY4OC0zNDM2M2JjN2M0YzAiOnsiY3JlYXRlIjo2MDAwMDAwMDAwMDAsImRlbGV0ZSI6MTIwMDAwMDAwMDAwMCwidXBkYXRlIjo2MDAwMDAwMDAwMDB9fQ==",
          "dependencies": [
            "alicloud_security_group.default",
            "alicloud_vpc.vpc",
            "alicloud_vswitch.vsw"
          ]
        },
        {
          "index_key": 2,
          "schema_version": 0,
          "attributes": {
            "allocate_public_ip": null,
            "auto_release_time": "",
            "auto_renew_period": null,
            "availability_zone": "cn-beijing-b",
            "credit_specification": "",
            "data_disks": [
              {
                "auto_snapshot_policy_id": "",
                "category": "cloud_efficiency",
                "delete_with_instance": true,
                "description": "",
                "encrypted": false,
                "kms_key_id": "",
                "name": "TF_ECS_Disk",
                "performance_level": "",
                "size": 40,
                "snapshot_id": ""
              }
            ],
            "deletion_protection": false,
            "description": "An ECS instance came from terraform-alicloud-modules/ecs-instance",
            "dry_run": false,
            "force_delete": null,
            "host_name": "sample003",
            "id": "i-2zee1wkhp45418y5bqhz",
            "image_id": "ubuntu_18_04_64_20G_alibase_20190624.vhd",
            "include_data_disks": null,
            "instance_charge_type": "PostPaid",
            "instance_name": "my_module_instances_003",
            "instance_type": "ecs.n2.small",
            "internet_charge_type": "PayByTraffic",
            "internet_max_bandwidth_in": -1,
            "internet_max_bandwidth_out": 0,
            "io_optimized": null,
            "is_outdated": null,
            "key_name": "",
            "kms_encrypted_password": "",
            "kms_encryption_context": null,
            "password": "User@123",
            "period": null,
            "period_unit": null,
            "private_ip": "172.16.0.12",
            "public_ip": "",
            "renewal_status": null,
            "resource_group_id": "",
            "role_name": null,
            "security_enhancement_strategy": "Active",
            "security_groups": [
              "sg-2zedgpu6tlehyuuctcyc"
            ],
            "spot_price_limit": 0,
            "spot_strategy": "NoSpot",
            "status": "Running",
            "subnet_id": "vsw-2ze383r6vsx8t7ehtqqma",
            "system_disk_auto_snapshot_policy_id": "",
            "system_disk_category": "cloud_ssd",
            "system_disk_description": null,
            "system_disk_name": null,
            "system_disk_performance_level": "",
            "system_disk_size": 40,
            "tags": {
              "Name": "my_module_instances_003"
            },
            "timeouts": null,
            "user_data": "",
            "volume_tags": {
              "Name": "my_module_instances_003"
            },
            "vswitch_id": "vsw-2ze383r6vsx8t7ehtqqma"
          },
          "sensitive_attributes": [],
          "private": "eyJlMmJmYjczMC1lY2FhLTExZTYtOGY4OC0zNDM2M2JjN2M0YzAiOnsiY3JlYXRlIjo2MDAwMDAwMDAwMDAsImRlbGV0ZSI6MTIwMDAwMDAwMDAwMCwidXBkYXRlIjo2MDAwMDAwMDAwMDB9fQ==",
          "dependencies": [
            "alicloud_security_group.default",
            "alicloud_vpc.vpc",
            "alicloud_vswitch.vsw"
          ]
        }
      ]
    },
    {
      "module": "module.eip",
      "mode": "managed",
      "type": "alicloud_eip",
      "name": "this",
      "provider": "module.eip.provider[\"registry.terraform.io/hashicorp/alicloud\"]",
      "instances": [
        {
          "index_key": 0,
          "schema_version": 0,
          "attributes": {
            "bandwidth": 1,
            "deletion_protection": false,
            "description": "An EIP associated with ECS instance.",
            "id": "eip-2zedkpsqfuy5yhsdzkk5g",
            "instance_charge_type": "PostPaid",
            "internet_charge_type": "PayByTraffic",
            "ip_address": "101.200.198.192",
            "isp": "BGP",
            "name": "ecs-eip",
            "period": null,
            "resource_group_id": "rg-acfm4o5k7u7gcca",
            "status": "Available",
            "tags": {
              "Env": "Private",
              "Location": "foo",
              "Name": "ecs-eip"
            }
          },
          "sensitive_attributes": [],
          "private": "bnVsbA=="
        }
      ]
    },
    {
      "module": "module.eip",
      "mode": "managed",
      "type": "alicloud_eip",
      "name": "with_computed",
      "provider": "module.eip.provider[\"registry.terraform.io/hashicorp/alicloud\"]",
      "instances": [
        {
          "index_key": 0,
          "schema_version": 0,
          "attributes": {
            "bandwidth": 1,
            "deletion_protection": false,
            "description": "An EIP associated with ECS instance.",
            "id": "eip-2zer4kyweobrmwww2y17d",
            "instance_charge_type": "PostPaid",
            "internet_charge_type": "PayByTraffic",
            "ip_address": "101.201.77.32",
            "isp": "BGP",
            "name": "ecs-eip001",
            "period": null,
            "resource_group_id": "rg-acfm4o5k7u7gcca",
            "status": "Available",
            "tags": {
              "Env": "Private",
              "Location": "foo",
              "Name": "ecs-eip001"
            }
          },
          "sensitive_attributes": [],
          "private": "bnVsbA==",
          "dependencies": [
            "alicloud_security_group.default",
            "alicloud_vpc.vpc",
            "alicloud_vswitch.vsw",
            "module.ecs.alicloud_instance.this"
          ]
        },
        {
          "index_key": 1,
          "schema_version": 0,
          "attributes": {
            "bandwidth": 1,
            "deletion_protection": false,
            "description": "An EIP associated with ECS instance.",
            "id": "eip-2zedg09z1wqphb16pyp18",
            "instance_charge_type": "PostPaid",
            "internet_charge_type": "PayByTraffic",
            "ip_address": "123.56.189.125",
            "isp": "BGP",
            "name": "ecs-eip002",
            "period": null,
            "resource_group_id": "rg-acfm4o5k7u7gcca",
            "status": "Available",
            "tags": {
              "Env": "Private",
              "Location": "foo",
              "Name": "ecs-eip002"
            }
          },
          "sensitive_attributes": [],
          "private": "bnVsbA==",
          "dependencies": [
            "alicloud_security_group.default",
            "alicloud_vpc.vpc",
            "alicloud_vswitch.vsw",
            "module.ecs.alicloud_instance.this"
          ]
        },
        {
          "index_key": 2,
          "schema_version": 0,
          "attributes": {
            "bandwidth": 1,
            "deletion_protection": false,
            "description": "An EIP associated with ECS instance.",
            "id": "eip-2zebrwn7qal9d1rl67pv4",
            "instance_charge_type": "PostPaid",
            "internet_charge_type": "PayByTraffic",
            "ip_address": "123.57.244.43",
            "isp": "BGP",
            "name": "ecs-eip003",
            "period": null,
            "resource_group_id": "rg-acfm4o5k7u7gcca",
            "status": "Available",
            "tags": {
              "Env": "Private",
              "Location": "foo",
              "Name": "ecs-eip003"
            }
          },
          "sensitive_attributes": [],
          "private": "bnVsbA==",
          "dependencies": [
            "alicloud_security_group.default",
            "alicloud_vpc.vpc",
            "alicloud_vswitch.vsw",
            "module.ecs.alicloud_instance.this"
          ]
        }
      ]
    },
    {
      "module": "module.eip",
      "mode": "managed",
      "type": "alicloud_eip_association",
      "name": "with_computed",
      "provider": "module.eip.provider[\"registry.terraform.io/hashicorp/alicloud\"]",
      "instances": [
        {
          "index_key": 0,
          "schema_version": 0,
          "attributes": {
            "allocation_id": "eip-2zer4kyweobrmwww2y17d",
            "force": false,
            "id": "eip-2zer4kyweobrmwww2y17d:i-2ze8sxd8cxaj24gvai5n",
            "instance_id": "i-2ze8sxd8cxaj24gvai5n",
            "instance_type": "EcsInstance",
            "private_ip_address": null
          },
          "sensitive_attributes": [],
          "private": "bnVsbA==",
          "dependencies": [
            "alicloud_security_group.default",
            "alicloud_vpc.vpc",
            "alicloud_vswitch.vsw",
            "module.ecs.alicloud_instance.this",
            "module.eip.alicloud_eip.with_computed"
          ]
        },
        {
          "index_key": 1,
          "schema_version": 0,
          "attributes": {
            "allocation_id": "eip-2zedg09z1wqphb16pyp18",
            "force": false,
            "id": "eip-2zedg09z1wqphb16pyp18:i-2zednn0av5jijp3jsrgv",
            "instance_id": "i-2zednn0av5jijp3jsrgv",
            "instance_type": "EcsInstance",
            "private_ip_address": null
          },
          "sensitive_attributes": [],
          "private": "bnVsbA==",
          "dependencies": [
            "alicloud_security_group.default",
            "alicloud_vpc.vpc",
            "alicloud_vswitch.vsw",
            "module.ecs.alicloud_instance.this",
            "module.eip.alicloud_eip.with_computed"
          ]
        },
        {
          "index_key": 2,
          "schema_version": 0,
          "attributes": {
            "allocation_id": "eip-2zebrwn7qal9d1rl67pv4",
            "force": false,
            "id": "eip-2zebrwn7qal9d1rl67pv4:i-2zee1wkhp45418y5bqhz",
            "instance_id": "i-2zee1wkhp45418y5bqhz",
            "instance_type": "EcsInstance",
            "private_ip_address": null
          },
          "sensitive_attributes": [],
          "private": "bnVsbA==",
          "dependencies": [
            "alicloud_security_group.default",
            "alicloud_vpc.vpc",
            "alicloud_vswitch.vsw",
            "module.ecs.alicloud_instance.this",
            "module.eip.alicloud_eip.with_computed"
          ]
        }
      ]
    }
  ]
}
